
Microsoft Visual Studio Solution File, Format Version 12.00
# Visual Studio Version 17
VisualStudioVersion = 17.0.31612.314
MinimumVisualStudioVersion = 10.0.40219.1
Project("{FAE04EC0-301F-11D3-BF4B-00C04F79EFBC}") = "Forum", "Forum\Forum.csproj", "{869868C3-3BEE-4571-B41D-624DE6F80C60}"
EndProject
Global
	GlobalSection(SolutionConfigurationPlatforms) = preSolution
		Debug|Any CPU = Debug|Any CPU
		Release|Any CPU = Release|Any CPU
	EndGlobalSection
	GlobalSection(ProjectConfigurationPlatforms) = postSolution
		{869868C3-3BEE-4571-B41D-624DE6F80C60}.Debug|Any CPU.ActiveCfg = Debug|Any CPU
		{869868C3-3BEE-4571-B41D-624DE6F80C60}.Debug|Any CPU.Build.0 = Debug|Any CPU
		{869868C3-3BEE-4571-B41D-624DE6F80C60}.Release|Any CPU.ActiveCfg = Release|Any CPU
		{869868C3-3BEE-4571-B41D-624DE6F80C60}.Release|Any CPU.Build.0 = Release|Any CPU
	EndGlobalSection
	GlobalSection(SolutionProperties) = preSolution
		HideSolutionNode = FALSE
	EndGlobalSection
	GlobalSection(ExtensibilityGlobals) = postSolution
		SolutionGuid = {30F7348B-D5CA-47BC-B3C9-B42ADC447AF6}
	EndGlobalSection
EndGlobal
